
Microsoft Visual Studio Solution File, Format Version 12.00
# Visual Studio Version 16
VisualStudioVersion = 16.0.30114.105
MinimumVisualStudioVersion = 10.0.40219.1
Project("{2150E333-8FDC-42A3-9474-1A3956D46DE8}") = "TestLanding.Common", "TestLanding.Common", "{E1073DF8-FFC9-4C74-9864-050CBD06035E}"
EndProject
Project("{FAE04EC0-301F-11D3-BF4B-00C04F79EFBC}") = "TestLanding.Common.Domain", "TestLanding.Common\TestLanding.Common.Domain\TestLanding.Common.Domain.csproj", "{34ED74E3-336A-4D70-9504-F6256D074F42}"
EndProject
Project("{2150E333-8FDC-42A3-9474-1A3956D46DE8}") = "TestLanding.Data", "TestLanding.Data", "{13CB2132-0232-4CBE-A1E3-A7E1C0A569CD}"
EndProject
Project("{FAE04EC0-301F-11D3-BF4B-00C04F79EFBC}") = "TestLanding.Data.DAL", "TestLanding.Data\TestLanding.Data.DAL\TestLanding.Data.DAL.csproj", "{BD44F685-BBAB-4182-AA32-76427196D93C}"
EndProject
Project("{FAE04EC0-301F-11D3-BF4B-00C04F79EFBC}") = "TestLanding.Data.SqlServer", "TestLanding.Data\TestLanding.Data.SqlServer\TestLanding.Data.SqlServer.csproj", "{6F1A418E-8334-42A5-B57A-BE1024DB77AD}"
EndProject
Project("{2150E333-8FDC-42A3-9474-1A3956D46DE8}") = "TestLanding.Services", "TestLanding.Services", "{BCA6F881-F995-412D-8D94-2E5113927C32}"
EndProject
Project("{FAE04EC0-301F-11D3-BF4B-00C04F79EFBC}") = "TestLanding.Services.Interfaces", "TestLanding.Services\TestLanding.Services.Interfaces\TestLanding.Services.Interfaces.csproj", "{7AA54572-7D3E-49B9-B3A7-D9B037375B3C}"
EndProject
Project("{FAE04EC0-301F-11D3-BF4B-00C04F79EFBC}") = "TestLanding.Services.Services", "TestLanding.Services\TestLanding.Services.Services\TestLanding.Services.Services.csproj", "{43308D7E-1D59-4517-9030-5EFA5AE7F0EB}"
EndProject
Project("{FAE04EC0-301F-11D3-BF4B-00C04F79EFBC}") = "TestLanding.Services.WebApi", "TestLanding.Services\TestLanding.Services.WebApi\TestLanding.Services.WebApi.csproj", "{B553AE6D-2572-4E69-952B-A44D68C4F447}"
EndProject
Project("{FAE04EC0-301F-11D3-BF4B-00C04F79EFBC}") = "TestLanding.Services.WebApi.Clients", "TestLanding.Services\TestLanding.Services.WebApi.Clients\TestLanding.Services.WebApi.Clients.csproj", "{E2198B0C-BBBA-4766-A7F8-26BDAAF597F8}"
EndProject
Project("{2150E333-8FDC-42A3-9474-1A3956D46DE8}") = "TestLanding.UI", "TestLanding.UI", "{BAAEE0C3-0E62-4424-9E68-89ABA6D73828}"
EndProject
Project("{FAE04EC0-301F-11D3-BF4B-00C04F79EFBC}") = "TestLanding.UI.MVC", "TestLanding.UI\TestLanding.UI.MVC\TestLanding.UI.MVC.csproj", "{A70E0941-D4FF-43CF-9A8E-F1A23017C303}"
EndProject
Global
	GlobalSection(SolutionConfigurationPlatforms) = preSolution
		Debug|Any CPU = Debug|Any CPU
		Release|Any CPU = Release|Any CPU
	EndGlobalSection
	GlobalSection(SolutionProperties) = preSolution
		HideSolutionNode = FALSE
	EndGlobalSection
	GlobalSection(ProjectConfigurationPlatforms) = postSolution
		{34ED74E3-336A-4D70-9504-F6256D074F42}.Debug|Any CPU.ActiveCfg = Debug|Any CPU
		{34ED74E3-336A-4D70-9504-F6256D074F42}.Debug|Any CPU.Build.0 = Debug|Any CPU
		{34ED74E3-336A-4D70-9504-F6256D074F42}.Release|Any CPU.ActiveCfg = Release|Any CPU
		{34ED74E3-336A-4D70-9504-F6256D074F42}.Release|Any CPU.Build.0 = Release|Any CPU
		{BD44F685-BBAB-4182-AA32-76427196D93C}.Debug|Any CPU.ActiveCfg = Debug|Any CPU
		{BD44F685-BBAB-4182-AA32-76427196D93C}.Debug|Any CPU.Build.0 = Debug|Any CPU
		{BD44F685-BBAB-4182-AA32-76427196D93C}.Release|Any CPU.ActiveCfg = Release|Any CPU
		{BD44F685-BBAB-4182-AA32-76427196D93C}.Release|Any CPU.Build.0 = Release|Any CPU
		{6F1A418E-8334-42A5-B57A-BE1024DB77AD}.Debug|Any CPU.ActiveCfg = Debug|Any CPU
		{6F1A418E-8334-42A5-B57A-BE1024DB77AD}.Debug|Any CPU.Build.0 = Debug|Any CPU
		{6F1A418E-8334-42A5-B57A-BE1024DB77AD}.Release|Any CPU.ActiveCfg = Release|Any CPU
		{6F1A418E-8334-42A5-B57A-BE1024DB77AD}.Release|Any CPU.Build.0 = Release|Any CPU
		{7AA54572-7D3E-49B9-B3A7-D9B037375B3C}.Debug|Any CPU.ActiveCfg = Debug|Any CPU
		{7AA54572-7D3E-49B9-B3A7-D9B037375B3C}.Debug|Any CPU.Build.0 = Debug|Any CPU
		{7AA54572-7D3E-49B9-B3A7-D9B037375B3C}.Release|Any CPU.ActiveCfg = Release|Any CPU
		{7AA54572-7D3E-49B9-B3A7-D9B037375B3C}.Release|Any CPU.Build.0 = Release|Any CPU
		{43308D7E-1D59-4517-9030-5EFA5AE7F0EB}.Debug|Any CPU.ActiveCfg = Debug|Any CPU
		{43308D7E-1D59-4517-9030-5EFA5AE7F0EB}.Debug|Any CPU.Build.0 = Debug|Any CPU
		{43308D7E-1D59-4517-9030-5EFA5AE7F0EB}.Release|Any CPU.ActiveCfg = Release|Any CPU
		{43308D7E-1D59-4517-9030-5EFA5AE7F0EB}.Release|Any CPU.Build.0 = Release|Any CPU
		{B553AE6D-2572-4E69-952B-A44D68C4F447}.Debug|Any CPU.ActiveCfg = Debug|Any CPU
		{B553AE6D-2572-4E69-952B-A44D68C4F447}.Debug|Any CPU.Build.0 = Debug|Any CPU
		{B553AE6D-2572-4E69-952B-A44D68C4F447}.Release|Any CPU.ActiveCfg = Release|Any CPU
		{B553AE6D-2572-4E69-952B-A44D68C4F447}.Release|Any CPU.Build.0 = Release|Any CPU
		{E2198B0C-BBBA-4766-A7F8-26BDAAF597F8}.Debug|Any CPU.ActiveCfg = Debug|Any CPU
		{E2198B0C-BBBA-4766-A7F8-26BDAAF597F8}.Debug|Any CPU.Build.0 = Debug|Any CPU
		{E2198B0C-BBBA-4766-A7F8-26BDAAF597F8}.Release|Any CPU.ActiveCfg = Release|Any CPU
		{E2198B0C-BBBA-4766-A7F8-26BDAAF597F8}.Release|Any CPU.Build.0 = Release|Any CPU
		{A70E0941-D4FF-43CF-9A8E-F1A23017C303}.Debug|Any CPU.ActiveCfg = Debug|Any CPU
		{A70E0941-D4FF-43CF-9A8E-F1A23017C303}.Debug|Any CPU.Build.0 = Debug|Any CPU
		{A70E0941-D4FF-43CF-9A8E-F1A23017C303}.Release|Any CPU.ActiveCfg = Release|Any CPU
		{A70E0941-D4FF-43CF-9A8E-F1A23017C303}.Release|Any CPU.Build.0 = Release|Any CPU
	EndGlobalSection
	GlobalSection(NestedProjects) = preSolution
		{34ED74E3-336A-4D70-9504-F6256D074F42} = {E1073DF8-FFC9-4C74-9864-050CBD06035E}
		{BD44F685-BBAB-4182-AA32-76427196D93C} = {13CB2132-0232-4CBE-A1E3-A7E1C0A569CD}
		{6F1A418E-8334-42A5-B57A-BE1024DB77AD} = {13CB2132-0232-4CBE-A1E3-A7E1C0A569CD}
		{7AA54572-7D3E-49B9-B3A7-D9B037375B3C} = {BCA6F881-F995-412D-8D94-2E5113927C32}
		{43308D7E-1D59-4517-9030-5EFA5AE7F0EB} = {BCA6F881-F995-412D-8D94-2E5113927C32}
		{B553AE6D-2572-4E69-952B-A44D68C4F447} = {BCA6F881-F995-412D-8D94-2E5113927C32}
		{E2198B0C-BBBA-4766-A7F8-26BDAAF597F8} = {BCA6F881-F995-412D-8D94-2E5113927C32}
		{A70E0941-D4FF-43CF-9A8E-F1A23017C303} = {BAAEE0C3-0E62-4424-9E68-89ABA6D73828}
	EndGlobalSection
EndGlobal
